// !$*UTF8*$!
{
	archiveVersion = 1;
	classes = {
	};
	objectVersion = 50;
	objects = {

/* Begin PBXBuildFile section */
		02ADA23523E8710B005B7DC0 /* MEPSDKResource.bundle in Resources */ = {isa = PBXBuildFile; fileRef = 02ADA21223E8710A005B7DC0 /* MEPSDKResource.bundle */; };
		02ADA23623E8710B005B7DC0 /* ChatSDKResource.bundle in Resources */ = {isa = PBXBuildFile; fileRef = 02ADA21323E8710A005B7DC0 /* ChatSDKResource.bundle */; };
		02ADA23723E8710B005B7DC0 /* MEPSDK.framework in Frameworks */ = {isa = PBXBuildFile; fileRef = 02ADA21423E8710A005B7DC0 /* MEPSDK.framework */; };
		02ADA23823E8710B005B7DC0 /* index.html in Resources */ = {isa = PBXBuildFile; fileRef = 02ADA21723E8710A005B7DC0 /* index.html */; };
		02ADA23923E8710B005B7DC0 /* _index.scss in Resources */ = {isa = PBXBuildFile; fileRef = 02ADA21A23E8710A005B7DC0 /* _index.scss */; };
		02ADA23A23E8710B005B7DC0 /* _variables.scss in Resources */ = {isa = PBXBuildFile; fileRef = 02ADA21B23E8710A005B7DC0 /* _variables.scss */; };
		02ADA23B23E8710B005B7DC0 /* _xcode.scss in Resources */ = {isa = PBXBuildFile; fileRef = 02ADA21C23E8710A005B7DC0 /* _xcode.scss */; };
		02ADA23C23E8710B005B7DC0 /* _print.scss in Resources */ = {isa = PBXBuildFile; fileRef = 02ADA21D23E8710A005B7DC0 /* _print.scss */; };
		02ADA23D23E8710B005B7DC0 /* _layout.scss in Resources */ = {isa = PBXBuildFile; fileRef = 02ADA21E23E8710A005B7DC0 /* _layout.scss */; };
		02ADA23E23E8710B005B7DC0 /* _object.scss in Resources */ = {isa = PBXBuildFile; fileRef = 02ADA21F23E8710A005B7DC0 /* _object.scss */; };
		02ADA23F23E8710B005B7DC0 /* style.scss in Resources */ = {isa = PBXBuildFile; fileRef = 02ADA22023E8710A005B7DC0 /* style.scss */; };
		02ADA24023E8710B005B7DC0 /* _normalize.scss in Resources */ = {isa = PBXBuildFile; fileRef = 02ADA22123E8710A005B7DC0 /* _normalize.scss */; };
		02ADA24123E8710B005B7DC0 /* style.css in Resources */ = {isa = PBXBuildFile; fileRef = 02ADA22223E8710A005B7DC0 /* style.css */; };
		02ADA24223E8710B005B7DC0 /* MEPClient.html in Resources */ = {isa = PBXBuildFile; fileRef = 02ADA22423E8710A005B7DC0 /* MEPClient.html */; };
		02ADA24323E8710B005B7DC0 /* MEPFeatureConfig.html in Resources */ = {isa = PBXBuildFile; fileRef = 02ADA22523E8710A005B7DC0 /* MEPFeatureConfig.html */; };
		02ADA24423E8710B005B7DC0 /* MEPAddFileEntryOptions.html in Resources */ = {isa = PBXBuildFile; fileRef = 02ADA22623E8710A005B7DC0 /* MEPAddFileEntryOptions.html */; };
		02ADA24523E8710B005B7DC0 /* MEPLinkConfig.html in Resources */ = {isa = PBXBuildFile; fileRef = 02ADA22723E8710A005B7DC0 /* MEPLinkConfig.html */; };
		02ADA24623E8710B005B7DC0 /* hierarchy.html in Resources */ = {isa = PBXBuildFile; fileRef = 02ADA22823E8710A005B7DC0 /* hierarchy.html */; };
		02ADA24723E8710B005B7DC0 /* script.js in Resources */ = {isa = PBXBuildFile; fileRef = 02ADA22A23E8710A005B7DC0 /* script.js */; };
		02ADA24823E8710B005B7DC0 /* MEPSDKErrorCode.html in Resources */ = {isa = PBXBuildFile; fileRef = 02ADA22C23E8710A005B7DC0 /* MEPSDKErrorCode.html */; };
		02ADA24923E8710B005B7DC0 /* library_background.png in Resources */ = {isa = PBXBuildFile; fileRef = 02ADA22E23E8710A005B7DC0 /* library_background.png */; };
		02ADA24A23E8710B005B7DC0 /* disclosure.png in Resources */ = {isa = PBXBuildFile; fileRef = 02ADA22F23E8710A005B7DC0 /* disclosure.png */; };
		02ADA24B23E8710B005B7DC0 /* disclosure_open.png in Resources */ = {isa = PBXBuildFile; fileRef = 02ADA23023E8710A005B7DC0 /* disclosure_open.png */; };
		02ADA24C23E8710B005B7DC0 /* button_bar_background.png in Resources */ = {isa = PBXBuildFile; fileRef = 02ADA23123E8710A005B7DC0 /* button_bar_background.png */; };
		02ADA24D23E8710B005B7DC0 /* title_background.png in Resources */ = {isa = PBXBuildFile; fileRef = 02ADA23223E8710A005B7DC0 /* title_background.png */; };
		02ADA24E23E8710B005B7DC0 /* MEPClientDelegate.html in Resources */ = {isa = PBXBuildFile; fileRef = 02ADA23423E8710A005B7DC0 /* MEPClientDelegate.html */; };
		02ADA25823E8721F005B7DC0 /* libc++.tbd in Frameworks */ = {isa = PBXBuildFile; fileRef = 02ADA25723E8721F005B7DC0 /* libc++.tbd */; };
		02ADA25A23E87228005B7DC0 /* libz.tbd in Frameworks */ = {isa = PBXBuildFile; fileRef = 02ADA25923E87228005B7DC0 /* libz.tbd */; };
		02ADA25C23E87231005B7DC0 /* libxml2.2.tbd in Frameworks */ = {isa = PBXBuildFile; fileRef = 02ADA25B23E87231005B7DC0 /* libxml2.2.tbd */; };
		163AC91B225F14F1005736FE /* launch_screen_global@2x.png in Resources */ = {isa = PBXBuildFile; fileRef = 163AC914225F14F0005736FE /* launch_screen_global@2x.png */; };
		163AC91C225F14F1005736FE /* launch_screen_global@3x.png in Resources */ = {isa = PBXBuildFile; fileRef = 163AC915225F14F0005736FE /* launch_screen_global@3x.png */; };
		163AC91D225F14F1005736FE /* bank_logo.png in Resources */ = {isa = PBXBuildFile; fileRef = 163AC916225F14F0005736FE /* bank_logo.png */; };
		163AC91E225F14F1005736FE /* launch_screen_bg.png in Resources */ = {isa = PBXBuildFile; fileRef = 163AC917225F14F0005736FE /* launch_screen_bg.png */; };
		163AC91F225F14F1005736FE /* launch_screen_global.png in Resources */ = {isa = PBXBuildFile; fileRef = 163AC918225F14F0005736FE /* launch_screen_global.png */; };
		163AC920225F14F1005736FE /* bank_logo@2x.png in Resources */ = {isa = PBXBuildFile; fileRef = 163AC919225F14F0005736FE /* bank_logo@2x.png */; };
		163AC921225F14F1005736FE /* bank_logo@3x.png in Resources */ = {isa = PBXBuildFile; fileRef = 163AC91A225F14F0005736FE /* bank_logo@3x.png */; };
		168D4ECA226864DA006B49D9 /* NSURLSession+POST.m in Sources */ = {isa = PBXBuildFile; fileRef = 168D4EC9226864DA006B49D9 /* NSURLSession+POST.m */; };
		16AF93BA225DDB1C00512EBE /* AppDelegate.m in Sources */ = {isa = PBXBuildFile; fileRef = 16AF93B9225DDB1C00512EBE /* AppDelegate.m */; };
		16AF93C2225DDB1E00512EBE /* Assets.xcassets in Resources */ = {isa = PBXBuildFile; fileRef = 16AF93C1225DDB1E00512EBE /* Assets.xcassets */; };
		16AF93C8225DDB1E00512EBE /* main.m in Sources */ = {isa = PBXBuildFile; fileRef = 16AF93C7225DDB1E00512EBE /* main.m */; };
		16AFAE66225DDD3700512EBE /* LoginViewController.m in Sources */ = {isa = PBXBuildFile; fileRef = 16AFAE62225DDD3600512EBE /* LoginViewController.m */; };
		16AFAE67225DDD3700512EBE /* MEPFloatTextField.m in Sources */ = {isa = PBXBuildFile; fileRef = 16AFAE64225DDD3600512EBE /* MEPFloatTextField.m */; };
		16AFAE82225DDD6D00512EBE /* NSLayoutConstraint+MASDebugAdditions.m in Sources */ = {isa = PBXBuildFile; fileRef = 16AFAE6A225DDD6D00512EBE /* NSLayoutConstraint+MASDebugAdditions.m */; };
		16AFAE83225DDD6D00512EBE /* ViewController+MASAdditions.m in Sources */ = {isa = PBXBuildFile; fileRef = 16AFAE73225DDD6D00512EBE /* ViewController+MASAdditions.m */; };
		16AFAE84225DDD6D00512EBE /* MASCompositeConstraint.m in Sources */ = {isa = PBXBuildFile; fileRef = 16AFAE77225DDD6D00512EBE /* MASCompositeConstraint.m */; };
		16AFAE85225DDD6D00512EBE /* MASConstraintMaker.m in Sources */ = {isa = PBXBuildFile; fileRef = 16AFAE78225DDD6D00512EBE /* MASConstraintMaker.m */; };
		16AFAE86225DDD6D00512EBE /* MASLayoutConstraint.m in Sources */ = {isa = PBXBuildFile; fileRef = 16AFAE79225DDD6D00512EBE /* MASLayoutConstraint.m */; };
		16AFAE87225DDD6D00512EBE /* NSArray+MASAdditions.m in Sources */ = {isa = PBXBuildFile; fileRef = 16AFAE7A225DDD6D00512EBE /* NSArray+MASAdditions.m */; };
		16AFAE88225DDD6D00512EBE /* View+MASAdditions.m in Sources */ = {isa = PBXBuildFile; fileRef = 16AFAE7B225DDD6D00512EBE /* View+MASAdditions.m */; };
		16AFAE89225DDD6D00512EBE /* MASConstraint.m in Sources */ = {isa = PBXBuildFile; fileRef = 16AFAE7E225DDD6D00512EBE /* MASConstraint.m */; };
		16AFAE8A225DDD6D00512EBE /* MASViewConstraint.m in Sources */ = {isa = PBXBuildFile; fileRef = 16AFAE80225DDD6D00512EBE /* MASViewConstraint.m */; };
		16AFAE8B225DDD6D00512EBE /* MASViewAttribute.m in Sources */ = {isa = PBXBuildFile; fileRef = 16AFAE81225DDD6D00512EBE /* MASViewAttribute.m */; };
		16AFAEB1225DE43300512EBE /* LaunchScreen.xib in Resources */ = {isa = PBXBuildFile; fileRef = 16AFAEB0225DE43300512EBE /* LaunchScreen.xib */; };
		16AFAEBB225ED90B00512EBE /* MEPInterfaceSampleViewController.m in Sources */ = {isa = PBXBuildFile; fileRef = 16AFAEBA225ED90B00512EBE /* MEPInterfaceSampleViewController.m */; };
/* End PBXBuildFile section */

/* Begin PBXFileReference section */
		02418DE0237AA57B006FB3E7 /* mepDemoUITests copy-Info.plist */ = {isa = PBXFileReference; lastKnownFileType = text.plist.xml; name = "mepDemoUITests copy-Info.plist"; path = "/Volumes/Samsung_T5/MoxtraCode/Trunk/moxtra.dev/MEP/APPS/GitHubDemo/mepDemoUITests copy-Info.plist"; sourceTree = "<absolute>"; };
		02ADA21223E8710A005B7DC0 /* MEPSDKResource.bundle */ = {isa = PBXFileReference; lastKnownFileType = "wrapper.plug-in"; path = MEPSDKResource.bundle; sourceTree = "<group>"; };
		02ADA21323E8710A005B7DC0 /* ChatSDKResource.bundle */ = {isa = PBXFileReference; lastKnownFileType = "wrapper.plug-in"; path = ChatSDKResource.bundle; sourceTree = "<group>"; };
		02ADA21423E8710A005B7DC0 /* MEPSDK.framework */ = {isa = PBXFileReference; lastKnownFileType = wrapper.framework; path = MEPSDK.framework; sourceTree = "<group>"; };
		02ADA21723E8710A005B7DC0 /* index.html */ = {isa = PBXFileReference; fileEncoding = 4; lastKnownFileType = text.html; path = index.html; sourceTree = "<group>"; };
		02ADA21A23E8710A005B7DC0 /* _index.scss */ = {isa = PBXFileReference; fileEncoding = 4; lastKnownFileType = text; path = _index.scss; sourceTree = "<group>"; };
		02ADA21B23E8710A005B7DC0 /* _variables.scss */ = {isa = PBXFileReference; fileEncoding = 4; lastKnownFileType = text; path = _variables.scss; sourceTree = "<group>"; };
		02ADA21C23E8710A005B7DC0 /* _xcode.scss */ = {isa = PBXFileReference; fileEncoding = 4; lastKnownFileType = text; path = _xcode.scss; sourceTree = "<group>"; };
		02ADA21D23E8710A005B7DC0 /* _print.scss */ = {isa = PBXFileReference; fileEncoding = 4; lastKnownFileType = text; path = _print.scss; sourceTree = "<group>"; };
		02ADA21E23E8710A005B7DC0 /* _layout.scss */ = {isa = PBXFileReference; fileEncoding = 4; lastKnownFileType = text; path = _layout.scss; sourceTree = "<group>"; };
		02ADA21F23E8710A005B7DC0 /* _object.scss */ = {isa = PBXFileReference; fileEncoding = 4; lastKnownFileType = text; path = _object.scss; sourceTree = "<group>"; };
		02ADA22023E8710A005B7DC0 /* style.scss */ = {isa = PBXFileReference; fileEncoding = 4; lastKnownFileType = text; path = style.scss; sourceTree = "<group>"; };
		02ADA22123E8710A005B7DC0 /* _normalize.scss */ = {isa = PBXFileReference; fileEncoding = 4; lastKnownFileType = text; path = _normalize.scss; sourceTree = "<group>"; };
		02ADA22223E8710A005B7DC0 /* style.css */ = {isa = PBXFileReference; fileEncoding = 4; lastKnownFileType = text.css; path = style.css; sourceTree = "<group>"; };
		02ADA22423E8710A005B7DC0 /* MEPClient.html */ = {isa = PBXFileReference; fileEncoding = 4; lastKnownFileType = text.html; path = MEPClient.html; sourceTree = "<group>"; };
		02ADA22523E8710A005B7DC0 /* MEPFeatureConfig.html */ = {isa = PBXFileReference; fileEncoding = 4; lastKnownFileType = text.html; path = MEPFeatureConfig.html; sourceTree = "<group>"; };
		02ADA22623E8710A005B7DC0 /* MEPAddFileEntryOptions.html */ = {isa = PBXFileReference; fileEncoding = 4; lastKnownFileType = text.html; path = MEPAddFileEntryOptions.html; sourceTree = "<group>"; };
		02ADA22723E8710A005B7DC0 /* MEPLinkConfig.html */ = {isa = PBXFileReference; fileEncoding = 4; lastKnownFileType = text.html; path = MEPLinkConfig.html; sourceTree = "<group>"; };
		02ADA22823E8710A005B7DC0 /* hierarchy.html */ = {isa = PBXFileReference; fileEncoding = 4; lastKnownFileType = text.html; path = hierarchy.html; sourceTree = "<group>"; };
		02ADA22A23E8710A005B7DC0 /* script.js */ = {isa = PBXFileReference; fileEncoding = 4; lastKnownFileType = sourcecode.javascript; path = script.js; sourceTree = "<group>"; };
		02ADA22C23E8710A005B7DC0 /* MEPSDKErrorCode.html */ = {isa = PBXFileReference; fileEncoding = 4; lastKnownFileType = text.html; path = MEPSDKErrorCode.html; sourceTree = "<group>"; };
		02ADA22E23E8710A005B7DC0 /* library_background.png */ = {isa = PBXFileReference; lastKnownFileType = image.png; path = library_background.png; sourceTree = "<group>"; };
		02ADA22F23E8710A005B7DC0 /* disclosure.png */ = {isa = PBXFileReference; lastKnownFileType = image.png; path = disclosure.png; sourceTree = "<group>"; };
		02ADA23023E8710A005B7DC0 /* disclosure_open.png */ = {isa = PBXFileReference; lastKnownFileType = image.png; path = disclosure_open.png; sourceTree = "<group>"; };
		02ADA23123E8710A005B7DC0 /* button_bar_background.png */ = {isa = PBXFileReference; lastKnownFileType = image.png; path = button_bar_background.png; sourceTree = "<group>"; };
		02ADA23223E8710A005B7DC0 /* title_background.png */ = {isa = PBXFileReference; lastKnownFileType = image.png; path = title_background.png; sourceTree = "<group>"; };
		02ADA23423E8710A005B7DC0 /* MEPClientDelegate.html */ = {isa = PBXFileReference; fileEncoding = 4; lastKnownFileType = text.html; path = MEPClientDelegate.html; sourceTree = "<group>"; };
		02ADA25723E8721F005B7DC0 /* libc++.tbd */ = {isa = PBXFileReference; lastKnownFileType = "sourcecode.text-based-dylib-definition"; name = "libc++.tbd"; path = "usr/lib/libc++.tbd"; sourceTree = SDKROOT; };
		02ADA25923E87228005B7DC0 /* libz.tbd */ = {isa = PBXFileReference; lastKnownFileType = "sourcecode.text-based-dylib-definition"; name = libz.tbd; path = usr/lib/libz.tbd; sourceTree = SDKROOT; };
		02ADA25B23E87231005B7DC0 /* libxml2.2.tbd */ = {isa = PBXFileReference; lastKnownFileType = "sourcecode.text-based-dylib-definition"; name = libxml2.2.tbd; path = usr/lib/libxml2.2.tbd; sourceTree = SDKROOT; };
		163AC914225F14F0005736FE /* launch_screen_global@2x.png */ = {isa = PBXFileReference; lastKnownFileType = image.png; path = "launch_screen_global@2x.png"; sourceTree = "<group>"; };
		163AC915225F14F0005736FE /* launch_screen_global@3x.png */ = {isa = PBXFileReference; lastKnownFileType = image.png; path = "launch_screen_global@3x.png"; sourceTree = "<group>"; };
		163AC916225F14F0005736FE /* bank_logo.png */ = {isa = PBXFileReference; lastKnownFileType = image.png; path = bank_logo.png; sourceTree = "<group>"; };
		163AC917225F14F0005736FE /* launch_screen_bg.png */ = {isa = PBXFileReference; lastKnownFileType = image.png; path = launch_screen_bg.png; sourceTree = "<group>"; };
		163AC918225F14F0005736FE /* launch_screen_global.png */ = {isa = PBXFileReference; lastKnownFileType = image.png; path = launch_screen_global.png; sourceTree = "<group>"; };
		163AC919225F14F0005736FE /* bank_logo@2x.png */ = {isa = PBXFileReference; lastKnownFileType = image.png; path = "bank_logo@2x.png"; sourceTree = "<group>"; };
		163AC91A225F14F0005736FE /* bank_logo@3x.png */ = {isa = PBXFileReference; lastKnownFileType = image.png; path = "bank_logo@3x.png"; sourceTree = "<group>"; };
		168D4EC8226864DA006B49D9 /* NSURLSession+POST.h */ = {isa = PBXFileReference; fileEncoding = 4; lastKnownFileType = sourcecode.c.h; path = "NSURLSession+POST.h"; sourceTree = "<group>"; };
		168D4EC9226864DA006B49D9 /* NSURLSession+POST.m */ = {isa = PBXFileReference; fileEncoding = 4; lastKnownFileType = sourcecode.c.objc; path = "NSURLSession+POST.m"; sourceTree = "<group>"; };
		16AF93B5225DDB1C00512EBE /* mepDemo.app */ = {isa = PBXFileReference; explicitFileType = wrapper.application; includeInIndex = 0; path = mepDemo.app; sourceTree = BUILT_PRODUCTS_DIR; };
		16AF93B8225DDB1C00512EBE /* AppDelegate.h */ = {isa = PBXFileReference; lastKnownFileType = sourcecode.c.h; path = AppDelegate.h; sourceTree = "<group>"; };
		16AF93B9225DDB1C00512EBE /* AppDelegate.m */ = {isa = PBXFileReference; lastKnownFileType = sourcecode.c.objc; path = AppDelegate.m; sourceTree = "<group>"; };
		16AF93C1225DDB1E00512EBE /* Assets.xcassets */ = {isa = PBXFileReference; lastKnownFileType = folder.assetcatalog; path = Assets.xcassets; sourceTree = "<group>"; };
		16AF93C6225DDB1E00512EBE /* Info.plist */ = {isa = PBXFileReference; lastKnownFileType = text.plist.xml; path = Info.plist; sourceTree = "<group>"; };
		16AF93C7225DDB1E00512EBE /* main.m */ = {isa = PBXFileReference; lastKnownFileType = sourcecode.c.objc; path = main.m; sourceTree = "<group>"; };
		16AFAE62225DDD3600512EBE /* LoginViewController.m */ = {isa = PBXFileReference; fileEncoding = 4; lastKnownFileType = sourcecode.c.objc; path = LoginViewController.m; sourceTree = "<group>"; };
		16AFAE63225DDD3600512EBE /* LoginViewController.h */ = {isa = PBXFileReference; fileEncoding = 4; lastKnownFileType = sourcecode.c.h; path = LoginViewController.h; sourceTree = "<group>"; };
		16AFAE64225DDD3600512EBE /* MEPFloatTextField.m */ = {isa = PBXFileReference; fileEncoding = 4; lastKnownFileType = sourcecode.c.objc; path = MEPFloatTextField.m; sourceTree = "<group>"; };
		16AFAE65225DDD3700512EBE /* MEPFloatTextField.h */ = {isa = PBXFileReference; fileEncoding = 4; lastKnownFileType = sourcecode.c.h; path = MEPFloatTextField.h; sourceTree = "<group>"; };
		16AFAE69225DDD6D00512EBE /* MASCompositeConstraint.h */ = {isa = PBXFileReference; fileEncoding = 4; lastKnownFileType = sourcecode.c.h; path = MASCompositeConstraint.h; sourceTree = "<group>"; };
		16AFAE6A225DDD6D00512EBE /* NSLayoutConstraint+MASDebugAdditions.m */ = {isa = PBXFileReference; fileEncoding = 4; lastKnownFileType = sourcecode.c.objc; path = "NSLayoutConstraint+MASDebugAdditions.m"; sourceTree = "<group>"; };
		16AFAE6B225DDD6D00512EBE /* MASConstraint+Private.h */ = {isa = PBXFileReference; fileEncoding = 4; lastKnownFileType = sourcecode.c.h; path = "MASConstraint+Private.h"; sourceTree = "<group>"; };
		16AFAE6C225DDD6D00512EBE /* MASLayoutConstraint.h */ = {isa = PBXFileReference; fileEncoding = 4; lastKnownFileType = sourcecode.c.h; path = MASLayoutConstraint.h; sourceTree = "<group>"; };
		16AFAE6D225DDD6D00512EBE /* NSArray+MASShorthandAdditions.h */ = {isa = PBXFileReference; fileEncoding = 4; lastKnownFileType = sourcecode.c.h; path = "NSArray+MASShorthandAdditions.h"; sourceTree = "<group>"; };
		16AFAE6E225DDD6D00512EBE /* MASConstraintMaker.h */ = {isa = PBXFileReference; fileEncoding = 4; lastKnownFileType = sourcecode.c.h; path = MASConstraintMaker.h; sourceTree = "<group>"; };
		16AFAE6F225DDD6D00512EBE /* View+MASAdditions.h */ = {isa = PBXFileReference; fileEncoding = 4; lastKnownFileType = sourcecode.c.h; path = "View+MASAdditions.h"; sourceTree = "<group>"; };
		16AFAE70225DDD6D00512EBE /* NSArray+MASAdditions.h */ = {isa = PBXFileReference; fileEncoding = 4; lastKnownFileType = sourcecode.c.h; path = "NSArray+MASAdditions.h"; sourceTree = "<group>"; };
		16AFAE71225DDD6D00512EBE /* MASUtilities.h */ = {isa = PBXFileReference; fileEncoding = 4; lastKnownFileType = sourcecode.c.h; path = MASUtilities.h; sourceTree = "<group>"; };
		16AFAE72225DDD6D00512EBE /* MASViewAttribute.h */ = {isa = PBXFileReference; fileEncoding = 4; lastKnownFileType = sourcecode.c.h; path = MASViewAttribute.h; sourceTree = "<group>"; };
		16AFAE73225DDD6D00512EBE /* ViewController+MASAdditions.m */ = {isa = PBXFileReference; fileEncoding = 4; lastKnownFileType = sourcecode.c.objc; path = "ViewController+MASAdditions.m"; sourceTree = "<group>"; };
		16AFAE74225DDD6D00512EBE /* MASViewConstraint.h */ = {isa = PBXFileReference; fileEncoding = 4; lastKnownFileType = sourcecode.c.h; path = MASViewConstraint.h; sourceTree = "<group>"; };
		16AFAE75225DDD6D00512EBE /* MASConstraint.h */ = {isa = PBXFileReference; fileEncoding = 4; lastKnownFileType = sourcecode.c.h; path = MASConstraint.h; sourceTree = "<group>"; };
		16AFAE76225DDD6D00512EBE /* NSLayoutConstraint+MASDebugAdditions.h */ = {isa = PBXFileReference; fileEncoding = 4; lastKnownFileType = sourcecode.c.h; path = "NSLayoutConstraint+MASDebugAdditions.h"; sourceTree = "<group>"; };
		16AFAE77225DDD6D00512EBE /* MASCompositeConstraint.m */ = {isa = PBXFileReference; fileEncoding = 4; lastKnownFileType = sourcecode.c.objc; path = MASCompositeConstraint.m; sourceTree = "<group>"; };
		16AFAE78225DDD6D00512EBE /* MASConstraintMaker.m */ = {isa = PBXFileReference; fileEncoding = 4; lastKnownFileType = sourcecode.c.objc; path = MASConstraintMaker.m; sourceTree = "<group>"; };
		16AFAE79225DDD6D00512EBE /* MASLayoutConstraint.m */ = {isa = PBXFileReference; fileEncoding = 4; lastKnownFileType = sourcecode.c.objc; path = MASLayoutConstraint.m; sourceTree = "<group>"; };
		16AFAE7A225DDD6D00512EBE /* NSArray+MASAdditions.m */ = {isa = PBXFileReference; fileEncoding = 4; lastKnownFileType = sourcecode.c.objc; path = "NSArray+MASAdditions.m"; sourceTree = "<group>"; };
		16AFAE7B225DDD6D00512EBE /* View+MASAdditions.m */ = {isa = PBXFileReference; fileEncoding = 4; lastKnownFileType = sourcecode.c.objc; path = "View+MASAdditions.m"; sourceTree = "<group>"; };
		16AFAE7C225DDD6D00512EBE /* View+MASShorthandAdditions.h */ = {isa = PBXFileReference; fileEncoding = 4; lastKnownFileType = sourcecode.c.h; path = "View+MASShorthandAdditions.h"; sourceTree = "<group>"; };
		16AFAE7D225DDD6D00512EBE /* Masonry.h */ = {isa = PBXFileReference; fileEncoding = 4; lastKnownFileType = sourcecode.c.h; path = Masonry.h; sourceTree = "<group>"; };
		16AFAE7E225DDD6D00512EBE /* MASConstraint.m */ = {isa = PBXFileReference; fileEncoding = 4; lastKnownFileType = sourcecode.c.objc; path = MASConstraint.m; sourceTree = "<group>"; };
		16AFAE7F225DDD6D00512EBE /* ViewController+MASAdditions.h */ = {isa = PBXFileReference; fileEncoding = 4; lastKnownFileType = sourcecode.c.h; path = "ViewController+MASAdditions.h"; sourceTree = "<group>"; };
		16AFAE80225DDD6D00512EBE /* MASViewConstraint.m */ = {isa = PBXFileReference; fileEncoding = 4; lastKnownFileType = sourcecode.c.objc; path = MASViewConstraint.m; sourceTree = "<group>"; };
		16AFAE81225DDD6D00512EBE /* MASViewAttribute.m */ = {isa = PBXFileReference; fileEncoding = 4; lastKnownFileType = sourcecode.c.objc; path = MASViewAttribute.m; sourceTree = "<group>"; };
		16AFAE93225DDE5D00512EBE /* MEP-Prefix.pch */ = {isa = PBXFileReference; lastKnownFileType = sourcecode.c.h; path = "MEP-Prefix.pch"; sourceTree = "<group>"; };
		16AFAEB0225DE43300512EBE /* LaunchScreen.xib */ = {isa = PBXFileReference; fileEncoding = 4; lastKnownFileType = file.xib; path = LaunchScreen.xib; sourceTree = "<group>"; };
		16AFAEB9225ED90B00512EBE /* MEPInterfaceSampleViewController.h */ = {isa = PBXFileReference; lastKnownFileType = sourcecode.c.h; path = MEPInterfaceSampleViewController.h; sourceTree = "<group>"; };
		16AFAEBA225ED90B00512EBE /* MEPInterfaceSampleViewController.m */ = {isa = PBXFileReference; lastKnownFileType = sourcecode.c.objc; path = MEPInterfaceSampleViewController.m; sourceTree = "<group>"; };
		A84045F4233C5BC100FB5B61 /* mepDemo copy-Info.plist */ = {isa = PBXFileReference; lastKnownFileType = text.plist.xml; name = "mepDemo copy-Info.plist"; path = "/Users/john.hu/Documents/Moxtra_Trunk/moxtra.dev/MEP/APPS/GitHubDemo/mepDemo copy-Info.plist"; sourceTree = "<absolute>"; };
/* End PBXFileReference section */

/* Begin PBXFrameworksBuildPhase section */
		16AF93B2225DDB1C00512EBE /* Frameworks */ = {
			isa = PBXFrameworksBuildPhase;
			buildActionMask = 2147483647;
			files = (
				02ADA25C23E87231005B7DC0 /* libxml2.2.tbd in Frameworks */,
				02ADA25A23E87228005B7DC0 /* libz.tbd in Frameworks */,
				02ADA25823E8721F005B7DC0 /* libc++.tbd in Frameworks */,
				02ADA23723E8710B005B7DC0 /* MEPSDK.framework in Frameworks */,
			);
			runOnlyForDeploymentPostprocessing = 0;
		};
/* End PBXFrameworksBuildPhase section */

/* Begin PBXGroup section */
		02ADA21123E870C2005B7DC0 /* SDK */ = {
			isa = PBXGroup;
			children = (
				02ADA21323E8710A005B7DC0 /* ChatSDKResource.bundle */,
				02ADA21523E8710A005B7DC0 /* doc */,
				02ADA21423E8710A005B7DC0 /* MEPSDK.framework */,
				02ADA21223E8710A005B7DC0 /* MEPSDKResource.bundle */,
			);
			path = SDK;
			sourceTree = "<group>";
		};
		02ADA21523E8710A005B7DC0 /* doc */ = {
			isa = PBXGroup;
			children = (
				02ADA21623E8710A005B7DC0 /* html */,
			);
			path = doc;
			sourceTree = "<group>";
		};
		02ADA21623E8710A005B7DC0 /* html */ = {
			isa = PBXGroup;
			children = (
				02ADA21723E8710A005B7DC0 /* index.html */,
				02ADA21823E8710A005B7DC0 /* css */,
				02ADA22323E8710A005B7DC0 /* Classes */,
				02ADA22823E8710A005B7DC0 /* hierarchy.html */,
				02ADA22923E8710A005B7DC0 /* js */,
				02ADA22B23E8710A005B7DC0 /* Constants */,
				02ADA22D23E8710A005B7DC0 /* img */,
				02ADA23323E8710A005B7DC0 /* Protocols */,
			);
			path = html;
			sourceTree = "<group>";
		};
		02ADA21823E8710A005B7DC0 /* css */ = {
			isa = PBXGroup;
			children = (
				02ADA21923E8710A005B7DC0 /* scss */,
				02ADA22223E8710A005B7DC0 /* style.css */,
			);
			path = css;
			sourceTree = "<group>";
		};
		02ADA21923E8710A005B7DC0 /* scss */ = {
			isa = PBXGroup;
			children = (
				02ADA21A23E8710A005B7DC0 /* _index.scss */,
				02ADA21B23E8710A005B7DC0 /* _variables.scss */,
				02ADA21C23E8710A005B7DC0 /* _xcode.scss */,
				02ADA21D23E8710A005B7DC0 /* _print.scss */,
				02ADA21E23E8710A005B7DC0 /* _layout.scss */,
				02ADA21F23E8710A005B7DC0 /* _object.scss */,
				02ADA22023E8710A005B7DC0 /* style.scss */,
				02ADA22123E8710A005B7DC0 /* _normalize.scss */,
			);
			path = scss;
			sourceTree = "<group>";
		};
		02ADA22323E8710A005B7DC0 /* Classes */ = {
			isa = PBXGroup;
			children = (
				02ADA22423E8710A005B7DC0 /* MEPClient.html */,
				02ADA22523E8710A005B7DC0 /* MEPFeatureConfig.html */,
				02ADA22623E8710A005B7DC0 /* MEPAddFileEntryOptions.html */,
				02ADA22723E8710A005B7DC0 /* MEPLinkConfig.html */,
			);
			path = Classes;
			sourceTree = "<group>";
		};
		02ADA22923E8710A005B7DC0 /* js */ = {
			isa = PBXGroup;
			children = (
				02ADA22A23E8710A005B7DC0 /* script.js */,
			);
			path = js;
			sourceTree = "<group>";
		};
		02ADA22B23E8710A005B7DC0 /* Constants */ = {
			isa = PBXGroup;
			children = (
				02ADA22C23E8710A005B7DC0 /* MEPSDKErrorCode.html */,
			);
			path = Constants;
			sourceTree = "<group>";
		};
		02ADA22D23E8710A005B7DC0 /* img */ = {
			isa = PBXGroup;
			children = (
				02ADA22E23E8710A005B7DC0 /* library_background.png */,
				02ADA22F23E8710A005B7DC0 /* disclosure.png */,
				02ADA23023E8710A005B7DC0 /* disclosure_open.png */,
				02ADA23123E8710A005B7DC0 /* button_bar_background.png */,
				02ADA23223E8710A005B7DC0 /* title_background.png */,
			);
			path = img;
			sourceTree = "<group>";
		};
		02ADA23323E8710A005B7DC0 /* Protocols */ = {
			isa = PBXGroup;
			children = (
				02ADA23423E8710A005B7DC0 /* MEPClientDelegate.html */,
			);
			path = Protocols;
			sourceTree = "<group>";
		};
		163AC913225F14F0005736FE /* launch */ = {
			isa = PBXGroup;
			children = (
				16AFAEB0225DE43300512EBE /* LaunchScreen.xib */,
				163AC914225F14F0005736FE /* launch_screen_global@2x.png */,
				163AC915225F14F0005736FE /* launch_screen_global@3x.png */,
				163AC916225F14F0005736FE /* bank_logo.png */,
				163AC917225F14F0005736FE /* launch_screen_bg.png */,
				163AC918225F14F0005736FE /* launch_screen_global.png */,
				163AC919225F14F0005736FE /* bank_logo@2x.png */,
				163AC91A225F14F0005736FE /* bank_logo@3x.png */,
			);
			path = launch;
			sourceTree = SOURCE_ROOT;
		};
		16AF93AC225DDB1C00512EBE = {
			isa = PBXGroup;
			children = (
				16AFAE68225DDD6D00512EBE /* Masonry */,
				16AF93B7225DDB1C00512EBE /* mepDemo */,
				16AF93B6225DDB1C00512EBE /* Products */,
				A84045F4233C5BC100FB5B61 /* mepDemo copy-Info.plist */,
				A840460A233C5BEA00FB5B61 /* Frameworks */,
				02418DE0237AA57B006FB3E7 /* mepDemoUITests copy-Info.plist */,
				02ADA21123E870C2005B7DC0 /* SDK */,
			);
			sourceTree = "<group>";
		};
		16AF93B6225DDB1C00512EBE /* Products */ = {
			isa = PBXGroup;
			children = (
				16AF93B5225DDB1C00512EBE /* mepDemo.app */,
			);
			name = Products;
			sourceTree = "<group>";
		};
		16AF93B7225DDB1C00512EBE /* mepDemo */ = {
			isa = PBXGroup;
			children = (
				16AFAEB9225ED90B00512EBE /* MEPInterfaceSampleViewController.h */,
				16AFAEBA225ED90B00512EBE /* MEPInterfaceSampleViewController.m */,
				168D4EC8226864DA006B49D9 /* NSURLSession+POST.h */,
				168D4EC9226864DA006B49D9 /* NSURLSession+POST.m */,
				16AFAE93225DDE5D00512EBE /* MEP-Prefix.pch */,
				16AFAE65225DDD3700512EBE /* MEPFloatTextField.h */,
				16AFAE64225DDD3600512EBE /* MEPFloatTextField.m */,
				16AFAE63225DDD3600512EBE /* LoginViewController.h */,
				16AFAE62225DDD3600512EBE /* LoginViewController.m */,
				16AF93B8225DDB1C00512EBE /* AppDelegate.h */,
				16AF93B9225DDB1C00512EBE /* AppDelegate.m */,
				16AF93C1225DDB1E00512EBE /* Assets.xcassets */,
				163AC913225F14F0005736FE /* launch */,
				16AF93C6225DDB1E00512EBE /* Info.plist */,
				16AF93C7225DDB1E00512EBE /* main.m */,
			);
			path = mepDemo;
			sourceTree = "<group>";
		};
		16AFAE68225DDD6D00512EBE /* Masonry */ = {
			isa = PBXGroup;
			children = (
				16AFAE69225DDD6D00512EBE /* MASCompositeConstraint.h */,
				16AFAE6A225DDD6D00512EBE /* NSLayoutConstraint+MASDebugAdditions.m */,
				16AFAE6B225DDD6D00512EBE /* MASConstraint+Private.h */,
				16AFAE6C225DDD6D00512EBE /* MASLayoutConstraint.h */,
				16AFAE6D225DDD6D00512EBE /* NSArray+MASShorthandAdditions.h */,
				16AFAE6E225DDD6D00512EBE /* MASConstraintMaker.h */,
				16AFAE6F225DDD6D00512EBE /* View+MASAdditions.h */,
				16AFAE70225DDD6D00512EBE /* NSArray+MASAdditions.h */,
				16AFAE71225DDD6D00512EBE /* MASUtilities.h */,
				16AFAE72225DDD6D00512EBE /* MASViewAttribute.h */,
				16AFAE73225DDD6D00512EBE /* ViewController+MASAdditions.m */,
				16AFAE74225DDD6D00512EBE /* MASViewConstraint.h */,
				16AFAE75225DDD6D00512EBE /* MASConstraint.h */,
				16AFAE76225DDD6D00512EBE /* NSLayoutConstraint+MASDebugAdditions.h */,
				16AFAE77225DDD6D00512EBE /* MASCompositeConstraint.m */,
				16AFAE78225DDD6D00512EBE /* MASConstraintMaker.m */,
				16AFAE79225DDD6D00512EBE /* MASLayoutConstraint.m */,
				16AFAE7A225DDD6D00512EBE /* NSArray+MASAdditions.m */,
				16AFAE7B225DDD6D00512EBE /* View+MASAdditions.m */,
				16AFAE7C225DDD6D00512EBE /* View+MASShorthandAdditions.h */,
				16AFAE7D225DDD6D00512EBE /* Masonry.h */,
				16AFAE7E225DDD6D00512EBE /* MASConstraint.m */,
				16AFAE7F225DDD6D00512EBE /* ViewController+MASAdditions.h */,
				16AFAE80225DDD6D00512EBE /* MASViewConstraint.m */,
				16AFAE81225DDD6D00512EBE /* MASViewAttribute.m */,
			);
			path = Masonry;
			sourceTree = "<group>";
		};
		A840460A233C5BEA00FB5B61 /* Frameworks */ = {
			isa = PBXGroup;
			children = (
				02ADA25B23E87231005B7DC0 /* libxml2.2.tbd */,
				02ADA25923E87228005B7DC0 /* libz.tbd */,
				02ADA25723E8721F005B7DC0 /* libc++.tbd */,
			);
			name = Frameworks;
			sourceTree = "<group>";
		};
/* End PBXGroup section */

/* Begin PBXNativeTarget section */
		16AF93B4225DDB1C00512EBE /* mepDemo */ = {
			isa = PBXNativeTarget;
			buildConfigurationList = 16AF93CB225DDB1E00512EBE /* Build configuration list for PBXNativeTarget "mepDemo" */;
			buildPhases = (
				16AF93B1225DDB1C00512EBE /* Sources */,
				16AF93B2225DDB1C00512EBE /* Frameworks */,
				16AF93B3225DDB1C00512EBE /* Resources */,
			);
			buildRules = (
			);
			dependencies = (
			);
			name = mepDemo;
			productName = mepDemo;
			productReference = 16AF93B5225DDB1C00512EBE /* mepDemo.app */;
			productType = "com.apple.product-type.application";
		};
/* End PBXNativeTarget section */

/* Begin PBXProject section */
		16AF93AD225DDB1C00512EBE /* Project object */ = {
			isa = PBXProject;
			attributes = {
				LastUpgradeCheck = 1010;
				ORGANIZATIONNAME = com.moxtra.mepdemo;
				TargetAttributes = {
					16AF93B4225DDB1C00512EBE = {
						CreatedOnToolsVersion = 10.1;
					};
				};
			};
			buildConfigurationList = 16AF93B0225DDB1C00512EBE /* Build configuration list for PBXProject "mepDemo" */;
			compatibilityVersion = "Xcode 9.3";
			developmentRegion = en;
			hasScannedForEncodings = 0;
			knownRegions = (
				en,
				Base,
			);
			mainGroup = 16AF93AC225DDB1C00512EBE;
			productRefGroup = 16AF93B6225DDB1C00512EBE /* Products */;
			projectDirPath = "";
			projectRoot = "";
			targets = (
				16AF93B4225DDB1C00512EBE /* mepDemo */,
			);
		};
/* End PBXProject section */

/* Begin PBXResourcesBuildPhase section */
		16AF93B3225DDB1C00512EBE /* Resources */ = {
			isa = PBXResourcesBuildPhase;
			buildActionMask = 2147483647;
			files = (
				02ADA24B23E8710B005B7DC0 /* disclosure_open.png in Resources */,
				02ADA24A23E8710B005B7DC0 /* disclosure.png in Resources */,
				02ADA24823E8710B005B7DC0 /* MEPSDKErrorCode.html in Resources */,
				163AC91D225F14F1005736FE /* bank_logo.png in Resources */,
				02ADA23C23E8710B005B7DC0 /* _print.scss in Resources */,
				02ADA23B23E8710B005B7DC0 /* _xcode.scss in Resources */,
				163AC91E225F14F1005736FE /* launch_screen_bg.png in Resources */,
				16AFAEB1225DE43300512EBE /* LaunchScreen.xib in Resources */,
				02ADA23923E8710B005B7DC0 /* _index.scss in Resources */,
				02ADA23523E8710B005B7DC0 /* MEPSDKResource.bundle in Resources */,
				02ADA24423E8710B005B7DC0 /* MEPAddFileEntryOptions.html in Resources */,
				02ADA24E23E8710B005B7DC0 /* MEPClientDelegate.html in Resources */,
				16AF93C2225DDB1E00512EBE /* Assets.xcassets in Resources */,
				02ADA23623E8710B005B7DC0 /* ChatSDKResource.bundle in Resources */,
				163AC91C225F14F1005736FE /* launch_screen_global@3x.png in Resources */,
				02ADA24D23E8710B005B7DC0 /* title_background.png in Resources */,
				02ADA23E23E8710B005B7DC0 /* _object.scss in Resources */,
				163AC91F225F14F1005736FE /* launch_screen_global.png in Resources */,
				02ADA23A23E8710B005B7DC0 /* _variables.scss in Resources */,
				02ADA24023E8710B005B7DC0 /* _normalize.scss in Resources */,
				02ADA24323E8710B005B7DC0 /* MEPFeatureConfig.html in Resources */,
				163AC91B225F14F1005736FE /* launch_screen_global@2x.png in Resources */,
				02ADA23823E8710B005B7DC0 /* index.html in Resources */,
				02ADA24123E8710B005B7DC0 /* style.css in Resources */,
				02ADA24723E8710B005B7DC0 /* script.js in Resources */,
				02ADA24523E8710B005B7DC0 /* MEPLinkConfig.html in Resources */,
				02ADA24623E8710B005B7DC0 /* hierarchy.html in Resources */,
				163AC921225F14F1005736FE /* bank_logo@3x.png in Resources */,
				02ADA24223E8710B005B7DC0 /* MEPClient.html in Resources */,
				02ADA24C23E8710B005B7DC0 /* button_bar_background.png in Resources */,
				163AC920225F14F1005736FE /* bank_logo@2x.png in Resources */,
				02ADA23D23E8710B005B7DC0 /* _layout.scss in Resources */,
				02ADA23F23E8710B005B7DC0 /* style.scss in Resources */,
				02ADA24923E8710B005B7DC0 /* library_background.png in Resources */,
			);
			runOnlyForDeploymentPostprocessing = 0;
		};
/* End PBXResourcesBuildPhase section */

/* Begin PBXSourcesBuildPhase section */
		16AF93B1225DDB1C00512EBE /* Sources */ = {
			isa = PBXSourcesBuildPhase;
			buildActionMask = 2147483647;
			files = (
				16AFAEBB225ED90B00512EBE /* MEPInterfaceSampleViewController.m in Sources */,
				16AFAE8A225DDD6D00512EBE /* MASViewConstraint.m in Sources */,
				16AFAE8B225DDD6D00512EBE /* MASViewAttribute.m in Sources */,
				16AF93C8225DDB1E00512EBE /* main.m in Sources */,
				16AF93BA225DDB1C00512EBE /* AppDelegate.m in Sources */,
				16AFAE87225DDD6D00512EBE /* NSArray+MASAdditions.m in Sources */,
				16AFAE83225DDD6D00512EBE /* ViewController+MASAdditions.m in Sources */,
				168D4ECA226864DA006B49D9 /* NSURLSession+POST.m in Sources */,
				16AFAE84225DDD6D00512EBE /* MASCompositeConstraint.m in Sources */,
				16AFAE66225DDD3700512EBE /* LoginViewController.m in Sources */,
				16AFAE88225DDD6D00512EBE /* View+MASAdditions.m in Sources */,
				16AFAE85225DDD6D00512EBE /* MASConstraintMaker.m in Sources */,
				16AFAE89225DDD6D00512EBE /* MASConstraint.m in Sources */,
				16AFAE82225DDD6D00512EBE /* NSLayoutConstraint+MASDebugAdditions.m in Sources */,
				16AFAE86225DDD6D00512EBE /* MASLayoutConstraint.m in Sources */,
				16AFAE67225DDD3700512EBE /* MEPFloatTextField.m in Sources */,
			);
			runOnlyForDeploymentPostprocessing = 0;
		};
/* End PBXSourcesBuildPhase section */

/* Begin XCBuildConfiguration section */
		16AF93C9225DDB1E00512EBE /* Debug */ = {
			isa = XCBuildConfiguration;
			buildSettings = {
				ALWAYS_SEARCH_USER_PATHS = NO;
				CLANG_ANALYZER_NONNULL = YES;
				CLANG_ANALYZER_NUMBER_OBJECT_CONVERSION = YES_AGGRESSIVE;
				CLANG_CXX_LANGUAGE_STANDARD = "gnu++14";
				CLANG_CXX_LIBRARY = "libc++";
				CLANG_ENABLE_MODULES = YES;
				CLANG_ENABLE_OBJC_ARC = YES;
				CLANG_ENABLE_OBJC_WEAK = YES;
				CLANG_WARN_BLOCK_CAPTURE_AUTORELEASING = YES;
				CLANG_WARN_BOOL_CONVERSION = YES;
				CLANG_WARN_COMMA = YES;
				CLANG_WARN_CONSTANT_CONVERSION = YES;
				CLANG_WARN_DEPRECATED_OBJC_IMPLEMENTATIONS = YES;
				CLANG_WARN_DIRECT_OBJC_ISA_USAGE = YES_ERROR;
				CLANG_WARN_DOCUMENTATION_COMMENTS = YES;
				CLANG_WARN_EMPTY_BODY = YES;
				CLANG_WARN_ENUM_CONVERSION = YES;
				CLANG_WARN_INFINITE_RECURSION = YES;
				CLANG_WARN_INT_CONVERSION = YES;
				CLANG_WARN_NON_LITERAL_NULL_CONVERSION = YES;
				CLANG_WARN_OBJC_IMPLICIT_RETAIN_SELF = YES;
				CLANG_WARN_OBJC_LITERAL_CONVERSION = YES;
				CLANG_WARN_OBJC_ROOT_CLASS = YES_ERROR;
				CLANG_WARN_RANGE_LOOP_ANALYSIS = YES;
				CLANG_WARN_STRICT_PROTOTYPES = YES;
				CLANG_WARN_SUSPICIOUS_MOVE = YES;
				CLANG_WARN_UNGUARDED_AVAILABILITY = YES_AGGRESSIVE;
				CLANG_WARN_UNREACHABLE_CODE = YES;
				CLANG_WARN__DUPLICATE_METHOD_MATCH = YES;
				CODE_SIGN_IDENTITY = "iPhone Developer";
				COPY_PHASE_STRIP = NO;
				DEBUG_INFORMATION_FORMAT = dwarf;
				ENABLE_STRICT_OBJC_MSGSEND = YES;
				ENABLE_TESTABILITY = YES;
				GCC_C_LANGUAGE_STANDARD = gnu11;
				GCC_DYNAMIC_NO_PIC = NO;
				GCC_NO_COMMON_BLOCKS = YES;
				GCC_OPTIMIZATION_LEVEL = 0;
				GCC_PREPROCESSOR_DEFINITIONS = (
					"DEBUG=1",
					"$(inherited)",
				);
				GCC_WARN_64_TO_32_BIT_CONVERSION = YES;
				GCC_WARN_ABOUT_RETURN_TYPE = YES_ERROR;
				GCC_WARN_UNDECLARED_SELECTOR = YES;
				GCC_WARN_UNINITIALIZED_AUTOS = YES_AGGRESSIVE;
				GCC_WARN_UNUSED_FUNCTION = YES;
				GCC_WARN_UNUSED_VARIABLE = YES;
				IPHONEOS_DEPLOYMENT_TARGET = 12.1;
				MTL_ENABLE_DEBUG_INFO = INCLUDE_SOURCE;
				MTL_FAST_MATH = YES;
				ONLY_ACTIVE_ARCH = YES;
				SDKROOT = iphoneos;
			};
			name = Debug;
		};
		16AF93CA225DDB1E00512EBE /* Release */ = {
			isa = XCBuildConfiguration;
			buildSettings = {
				ALWAYS_SEARCH_USER_PATHS = NO;
				CLANG_ANALYZER_NONNULL = YES;
				CLANG_ANALYZER_NUMBER_OBJECT_CONVERSION = YES_AGGRESSIVE;
				CLANG_CXX_LANGUAGE_STANDARD = "gnu++14";
				CLANG_CXX_LIBRARY = "libc++";
				CLANG_ENABLE_MODULES = YES;
				CLANG_ENABLE_OBJC_ARC = YES;
				CLANG_ENABLE_OBJC_WEAK = YES;
				CLANG_WARN_BLOCK_CAPTURE_AUTORELEASING = YES;
				CLANG_WARN_BOOL_CONVERSION = YES;
				CLANG_WARN_COMMA = YES;
				CLANG_WARN_CONSTANT_CONVERSION = YES;
				CLANG_WARN_DEPRECATED_OBJC_IMPLEMENTATIONS = YES;
				CLANG_WARN_DIRECT_OBJC_ISA_USAGE = YES_ERROR;
				CLANG_WARN_DOCUMENTATION_COMMENTS = YES;
				CLANG_WARN_EMPTY_BODY = YES;
				CLANG_WARN_ENUM_CONVERSION = YES;
				CLANG_WARN_INFINITE_RECURSION = YES;
				CLANG_WARN_INT_CONVERSION = YES;
				CLANG_WARN_NON_LITERAL_NULL_CONVERSION = YES;
				CLANG_WARN_OBJC_IMPLICIT_RETAIN_SELF = YES;
				CLANG_WARN_OBJC_LITERAL_CONVERSION = YES;
				CLANG_WARN_OBJC_ROOT_CLASS = YES_ERROR;
				CLANG_WARN_RANGE_LOOP_ANALYSIS = YES;
				CLANG_WARN_STRICT_PROTOTYPES = YES;
				CLANG_WARN_SUSPICIOUS_MOVE = YES;
				CLANG_WARN_UNGUARDED_AVAILABILITY = YES_AGGRESSIVE;
				CLANG_WARN_UNREACHABLE_CODE = YES;
				CLANG_WARN__DUPLICATE_METHOD_MATCH = YES;
				CODE_SIGN_IDENTITY = "iPhone Developer";
				COPY_PHASE_STRIP = NO;
				DEBUG_INFORMATION_FORMAT = "dwarf-with-dsym";
				ENABLE_NS_ASSERTIONS = NO;
				ENABLE_STRICT_OBJC_MSGSEND = YES;
				GCC_C_LANGUAGE_STANDARD = gnu11;
				GCC_NO_COMMON_BLOCKS = YES;
				GCC_WARN_64_TO_32_BIT_CONVERSION = YES;
				GCC_WARN_ABOUT_RETURN_TYPE = YES_ERROR;
				GCC_WARN_UNDECLARED_SELECTOR = YES;
				GCC_WARN_UNINITIALIZED_AUTOS = YES_AGGRESSIVE;
				GCC_WARN_UNUSED_FUNCTION = YES;
				GCC_WARN_UNUSED_VARIABLE = YES;
				IPHONEOS_DEPLOYMENT_TARGET = 12.1;
				MTL_ENABLE_DEBUG_INFO = NO;
				MTL_FAST_MATH = YES;
				SDKROOT = iphoneos;
				VALIDATE_PRODUCT = YES;
			};
			name = Release;
		};
		16AF93CC225DDB1E00512EBE /* Debug */ = {
			isa = XCBuildConfiguration;
			buildSettings = {
				ASSETCATALOG_COMPILER_APPICON_NAME = AppIcon;
				CODE_SIGN_STYLE = Automatic;
				DEVELOPMENT_TEAM = L5X58D2989;
				FRAMEWORK_SEARCH_PATHS = (
					"$(inherited)",
					"$(PROJECT_DIR)/SDK",
				);
				GCC_PREFIX_HEADER = "$(SRCROOT)/mepDemo/MEP-Prefix.pch";
				INFOPLIST_FILE = mepDemo/Info.plist;
				LD_RUNPATH_SEARCH_PATHS = (
					"$(inherited)",
					"@executable_path/Frameworks",
				);
				OTHER_LDFLAGS = "-ObjC";
				PRODUCT_BUNDLE_IDENTIFIER = com.moxtra.mepDemo;
				PRODUCT_NAME = "$(TARGET_NAME)";
				TARGETED_DEVICE_FAMILY = "1,2";
			};
			name = Debug;
		};
		16AF93CD225DDB1E00512EBE /* Release */ = {
			isa = XCBuildConfiguration;
			buildSettings = {
				ASSETCATALOG_COMPILER_APPICON_NAME = AppIcon;
				CODE_SIGN_STYLE = Automatic;
				DEVELOPMENT_TEAM = L5X58D2989;
				FRAMEWORK_SEARCH_PATHS = (
					"$(inherited)",
					"$(PROJECT_DIR)/SDK",
				);
				GCC_PREFIX_HEADER = "$(SRCROOT)/mepDemo/MEP-Prefix.pch";
				INFOPLIST_FILE = mepDemo/Info.plist;
				LD_RUNPATH_SEARCH_PATHS = (
					"$(inherited)",
					"@executable_path/Frameworks",
				);
				OTHER_LDFLAGS = "-ObjC";
				PRODUCT_BUNDLE_IDENTIFIER = com.moxtra.mepDemo;
				PRODUCT_NAME = "$(TARGET_NAME)";
				TARGETED_DEVICE_FAMILY = "1,2";
			};
			name = Release;
		};
/* End XCBuildConfiguration section */

/* Begin XCConfigurationList section */
		16AF93B0225DDB1C00512EBE /* Build configuration list for PBXProject "mepDemo" */ = {
			isa = XCConfigurationList;
			buildConfigurations = (
				16AF93C9225DDB1E00512EBE /* Debug */,
				16AF93CA225DDB1E00512EBE /* Release */,
			);
			defaultConfigurationIsVisible = 0;
			defaultConfigurationName = Release;
		};
		16AF93CB225DDB1E00512EBE /* Build configuration list for PBXNativeTarget "mepDemo" */ = {
			isa = XCConfigurationList;
			buildConfigurations = (
				16AF93CC225DDB1E00512EBE /* Debug */,
				16AF93CD225DDB1E00512EBE /* Release */,
			);
			defaultConfigurationIsVisible = 0;
			defaultConfigurationName = Release;
		};
/* End XCConfigurationList section */
	};
	rootObject = 16AF93AD225DDB1C00512EBE /* Project object */;
}
